
Microsoft Visual Studio Solution File, Format Version 12.00
Project("{FAE04EC0-301F-11D3-BF4B-00C04F79EFBC}") = "CustomTaskWithDependency", "CustomTaskWithDependency\CustomTaskWithDependency.csproj", "{72513B0D-2447-4B60-9C3E-0EB61860C42D}"
EndProject
Project("{FAE04EC0-301F-11D3-BF4B-00C04F79EFBC}") = "SomeProject", "SomeProject\SomeProject.csproj", "{344C780C-65C5-4623-92E1-8F2EB3EF5D37}"
EndProject
Global
	GlobalSection(SolutionConfigurationPlatforms) = preSolution
		Debug|Any CPU = Debug|Any CPU
		Release|Any CPU = Release|Any CPU
	EndGlobalSection
	GlobalSection(ProjectConfigurationPlatforms) = postSolution
		{72513B0D-2447-4B60-9C3E-0EB61860C42D}.Debug|Any CPU.ActiveCfg = Debug|Any CPU
		{72513B0D-2447-4B60-9C3E-0EB61860C42D}.Debug|Any CPU.Build.0 = Debug|Any CPU
		{72513B0D-2447-4B60-9C3E-0EB61860C42D}.Release|Any CPU.ActiveCfg = Release|Any CPU
		{72513B0D-2447-4B60-9C3E-0EB61860C42D}.Release|Any CPU.Build.0 = Release|Any CPU
		{344C780C-65C5-4623-92E1-8F2EB3EF5D37}.Debug|Any CPU.ActiveCfg = Debug|Any CPU
		{344C780C-65C5-4623-92E1-8F2EB3EF5D37}.Debug|Any CPU.Build.0 = Debug|Any CPU
		{344C780C-65C5-4623-92E1-8F2EB3EF5D37}.Release|Any CPU.ActiveCfg = Release|Any CPU
		{344C780C-65C5-4623-92E1-8F2EB3EF5D37}.Release|Any CPU.Build.0 = Release|Any CPU
	EndGlobalSection
EndGlobal
